
Microsoft Visual Studio Solution File, Format Version 12.00
# Visual Studio Version 17
VisualStudioVersion = 17.4.33122.133
MinimumVisualStudioVersion = 10.0.40219.1
Project("{FAE04EC0-301F-11D3-BF4B-00C04F79EFBC}") = "Dix17", "Dix17\Dix17.csproj", "{DCBB7F64-4C7A-421A-AD37-BFDDBC1A649A}"
EndProject
Project("{FAE04EC0-301F-11D3-BF4B-00C04F79EFBC}") = "TestSuite", "TestSuite\TestSuite.csproj", "{CE96ECDC-7414-48A5-99B1-5E91BD7AC084}"
EndProject
Global
	GlobalSection(SolutionConfigurationPlatforms) = preSolution
		Debug|Any CPU = Debug|Any CPU
		Release|Any CPU = Release|Any CPU
	EndGlobalSection
	GlobalSection(ProjectConfigurationPlatforms) = postSolution
		{DCBB7F64-4C7A-421A-AD37-BFDDBC1A649A}.Debug|Any CPU.ActiveCfg = Debug|Any CPU
		{DCBB7F64-4C7A-421A-AD37-BFDDBC1A649A}.Debug|Any CPU.Build.0 = Debug|Any CPU
		{DCBB7F64-4C7A-421A-AD37-BFDDBC1A649A}.Release|Any CPU.ActiveCfg = Release|Any CPU
		{DCBB7F64-4C7A-421A-AD37-BFDDBC1A649A}.Release|Any CPU.Build.0 = Release|Any CPU
		{CE96ECDC-7414-48A5-99B1-5E91BD7AC084}.Debug|Any CPU.ActiveCfg = Debug|Any CPU
		{CE96ECDC-7414-48A5-99B1-5E91BD7AC084}.Debug|Any CPU.Build.0 = Debug|Any CPU
		{CE96ECDC-7414-48A5-99B1-5E91BD7AC084}.Release|Any CPU.ActiveCfg = Release|Any CPU
		{CE96ECDC-7414-48A5-99B1-5E91BD7AC084}.Release|Any CPU.Build.0 = Release|Any CPU
	EndGlobalSection
	GlobalSection(SolutionProperties) = preSolution
		HideSolutionNode = FALSE
	EndGlobalSection
	GlobalSection(ExtensibilityGlobals) = postSolution
		SolutionGuid = {EC32C5C5-D218-4AC6-9B75-EF44BD33E268}
	EndGlobalSection
EndGlobal
